{
    "_readme": [
        "This file locks the dependencies of your project to a known state",
        "Read more about it at https://getcomposer.org/doc/01-basic-usage.md#composer-lock-the-lock-file",
        "This file is @generated automatically"
    ],
    "content-hash": "3433b07d8cc14931cba9b18bca250ef4",
    "packages": [
        {
            "name": "imagine/imagine",
            "version": "v0.7.1",
            "source": {
                "type": "git",
                "url": "https://github.com/avalanche123/Imagine.git",
                "reference": "a9a702a946073cbca166718f1b02a1e72d742daa"
            },
            "dist": {
                "type": "zip",
                "url": "https://api.github.com/repos/avalanche123/Imagine/zipball/a9a702a946073cbca166718f1b02a1e72d742daa",
                "reference": "a9a702a946073cbca166718f1b02a1e72d742daa",
                "shasum": ""
            },
            "require": {
                "php": ">=5.3.2"
            },
            "require-dev": {
                "sami/sami": "^3.3",
                "symfony/phpunit-bridge": "^3.2"
            },
            "suggest": {
                "ext-gd": "to use the GD implementation",
                "ext-gmagick": "to use the Gmagick implementation",
                "ext-imagick": "to use the Imagick implementation"
            },
            "type": "library",
            "extra": {
                "branch-alias": {
                    "dev-develop": "0.7-dev"
                }
            },
            "autoload": {
                "psr-0": {
                    "Imagine": "lib/"
                }
            },
            "notification-url": "https://packagist.org/downloads/",
            "license": [
                "MIT"
            ],
            "authors": [
                {
                    "name": "Bulat Shakirzyanov",
                    "email": "mallluhuct@gmail.com",
                    "homepage": "http://avalanche123.com"
                }
            ],
            "description": "Image processing for PHP 5.3",
            "homepage": "http://imagine.readthedocs.org/",
            "keywords": [
                "drawing",
                "graphics",
                "image manipulation",
                "image processing"
            ],
            "time": "2017-05-16T10:31:22+00:00"
        },
        {
            "name": "sepiariver/reductionist",
            "version": "dev-master",
            "source": {
                "type": "git",
                "url": "https://github.com/sepiariver/Reductionist.git",
                "reference": "524fa57a0b17b2d6f30136d5553a0cd66ac23271"
            },
            "dist": {
                "type": "zip",
                "url": "https://api.github.com/repos/sepiariver/Reductionist/zipball/524fa57a0b17b2d6f30136d5553a0cd66ac23271",
                "reference": "524fa57a0b17b2d6f30136d5553a0cd66ac23271",
                "shasum": ""
            },
            "require": {
                "imagine/imagine": "0.7.1"
            },
            "type": "library",
            "autoload": {
                "psr-0": {
                    "Reductionist": "src/"
                }
            },
            "license": [
                "MIT"
            ],
            "authors": [
                {
                    "name": "Jason Grant",
                    "email": "dadima@gmail.com"
                }
            ],
            "description": "A simple, modern phpThumb",
            "homepage": "https://github.com/sepiariver/Reductionist",
            "support": {
                "source": "https://github.com/sepiariver/Reductionist/tree/master"
            },
            "time": "2019-09-14T22:59:09+00:00"
        }
    ],
    "packages-dev": [],
    "aliases": [],
    "minimum-stability": "dev",
    "stability-flags": [],
    "prefer-stable": false,
    "prefer-lowest": false,
    "platform": [],
    "platform-dev": []
}
